
Microsoft Visual Studio Solution File, Format Version 12.00
# Visual Studio Version 16
VisualStudioVersion = 16.0.30128.74
MinimumVisualStudioVersion = 10.0.40219.1
Project("{FAE04EC0-301F-11D3-BF4B-00C04F79EFBC}") = "Steam64ID_Finder", "Steam64ID_Finder\Steam64ID_Finder.csproj", "{FABB12C3-EEA9-4EAD-8014-78934100EC7F}"
EndProject
Global
	GlobalSection(SolutionConfigurationPlatforms) = preSolution
		Debug|Any CPU = Debug|Any CPU
		Release|Any CPU = Release|Any CPU
	EndGlobalSection
	GlobalSection(ProjectConfigurationPlatforms) = postSolution
		{FABB12C3-EEA9-4EAD-8014-78934100EC7F}.Debug|Any CPU.ActiveCfg = Debug|Any CPU
		{FABB12C3-EEA9-4EAD-8014-78934100EC7F}.Debug|Any CPU.Build.0 = Debug|Any CPU
		{FABB12C3-EEA9-4EAD-8014-78934100EC7F}.Release|Any CPU.ActiveCfg = Release|Any CPU
		{FABB12C3-EEA9-4EAD-8014-78934100EC7F}.Release|Any CPU.Build.0 = Release|Any CPU
	EndGlobalSection
	GlobalSection(SolutionProperties) = preSolution
		HideSolutionNode = FALSE
	EndGlobalSection
	GlobalSection(ExtensibilityGlobals) = postSolution
		SolutionGuid = {270BB5B7-0BF3-4FF2-B65C-6437EB195EFE}
	EndGlobalSection
EndGlobal
